// !$*UTF8*$!
{
	archiveVersion = 1;
	classes = {
	};
	objectVersion = 46;
	objects = {

/* Begin PBXBuildFile section */
		329B512F198A5C46008E388F /* Cocoa.framework in Frameworks */ = {isa = PBXBuildFile; fileRef = 329B512E198A5C46008E388F /* Cocoa.framework */; };
		329B5131198A5C46008E388F /* PreferencePanes.framework in Frameworks */ = {isa = PBXBuildFile; fileRef = 329B5130198A5C46008E388F /* PreferencePanes.framework */; };
		329B513B198A5C46008E388F /* InfoPlist.strings in Resources */ = {isa = PBXBuildFile; fileRef = 329B5139198A5C46008E388F /* InfoPlist.strings */; };
		329B513F198A5C46008E388F /* lights_out.m in Sources */ = {isa = PBXBuildFile; fileRef = 329B513E198A5C46008E388F /* lights_out.m */; };
		329B5141198A5C46008E388F /* lights_out.tiff in Resources */ = {isa = PBXBuildFile; fileRef = 329B5140198A5C46008E388F /* lights_out.tiff */; };
		329B5144198A5C46008E388F /* lights_out.xib in Resources */ = {isa = PBXBuildFile; fileRef = 329B5142198A5C46008E388F /* lights_out.xib */; };
/* End PBXBuildFile section */

/* Begin PBXFileReference section */
		329B512B198A5C46008E388F /* lights-out.prefPane */ = {isa = PBXFileReference; explicitFileType = wrapper.cfbundle; includeInIndex = 0; path = "lights-out.prefPane"; sourceTree = BUILT_PRODUCTS_DIR; };
		329B512E198A5C46008E388F /* Cocoa.framework */ = {isa = PBXFileReference; lastKnownFileType = wrapper.framework; name = Cocoa.framework; path = System/Library/Frameworks/Cocoa.framework; sourceTree = SDKROOT; };
		329B5130198A5C46008E388F /* PreferencePanes.framework */ = {isa = PBXFileReference; lastKnownFileType = wrapper.framework; name = PreferencePanes.framework; path = System/Library/Frameworks/PreferencePanes.framework; sourceTree = SDKROOT; };
		329B5133198A5C46008E388F /* AppKit.framework */ = {isa = PBXFileReference; lastKnownFileType = wrapper.framework; name = AppKit.framework; path = System/Library/Frameworks/AppKit.framework; sourceTree = SDKROOT; };
		329B5134198A5C46008E388F /* CoreData.framework */ = {isa = PBXFileReference; lastKnownFileType = wrapper.framework; name = CoreData.framework; path = System/Library/Frameworks/CoreData.framework; sourceTree = SDKROOT; };
		329B5135198A5C46008E388F /* Foundation.framework */ = {isa = PBXFileReference; lastKnownFileType = wrapper.framework; name = Foundation.framework; path = System/Library/Frameworks/Foundation.framework; sourceTree = SDKROOT; };
		329B5138198A5C46008E388F /* lights-out-Info.plist */ = {isa = PBXFileReference; lastKnownFileType = text.plist.xml; path = "lights-out-Info.plist"; sourceTree = "<group>"; };
		329B513A198A5C46008E388F /* en */ = {isa = PBXFileReference; lastKnownFileType = text.plist.strings; name = en; path = en.lproj/InfoPlist.strings; sourceTree = "<group>"; };
		329B513C198A5C46008E388F /* lights-out-Prefix.pch */ = {isa = PBXFileReference; lastKnownFileType = sourcecode.c.h; path = "lights-out-Prefix.pch"; sourceTree = "<group>"; };
		329B513D198A5C46008E388F /* lights_out.h */ = {isa = PBXFileReference; lastKnownFileType = sourcecode.c.h; path = lights_out.h; sourceTree = "<group>"; };
		329B513E198A5C46008E388F /* lights_out.m */ = {isa = PBXFileReference; lastKnownFileType = sourcecode.c.objc; path = lights_out.m; sourceTree = "<group>"; };
		329B5140198A5C46008E388F /* lights_out.tiff */ = {isa = PBXFileReference; lastKnownFileType = image.tiff; path = lights_out.tiff; sourceTree = "<group>"; };
		329B5143198A5C46008E388F /* Base */ = {isa = PBXFileReference; lastKnownFileType = file.xib; name = Base; path = Base.lproj/lights_out.xib; sourceTree = "<group>"; };
/* End PBXFileReference section */

/* Begin PBXFrameworksBuildPhase section */
		329B5126198A5C46008E388F /* Frameworks */ = {
			isa = PBXFrameworksBuildPhase;
			buildActionMask = 2147483647;
			files = (
				329B512F198A5C46008E388F /* Cocoa.framework in Frameworks */,
				329B5131198A5C46008E388F /* PreferencePanes.framework in Frameworks */,
			);
			runOnlyForDeploymentPostprocessing = 0;
		};
/* End PBXFrameworksBuildPhase section */

/* Begin PBXGroup section */
		329B5120198A5C46008E388F = {
			isa = PBXGroup;
			children = (
				329B5136198A5C46008E388F /* lights-out */,
				329B512D198A5C46008E388F /* Frameworks */,
				329B512C198A5C46008E388F /* Products */,
			);
			sourceTree = "<group>";
		};
		329B512C198A5C46008E388F /* Products */ = {
			isa = PBXGroup;
			children = (
				329B512B198A5C46008E388F /* lights-out.prefPane */,
			);
			name = Products;
			sourceTree = "<group>";
		};
		329B512D198A5C46008E388F /* Frameworks */ = {
			isa = PBXGroup;
			children = (
				329B512E198A5C46008E388F /* Cocoa.framework */,
				329B5130198A5C46008E388F /* PreferencePanes.framework */,
				329B5132198A5C46008E388F /* Other Frameworks */,
			);
			name = Frameworks;
			sourceTree = "<group>";
		};
		329B5132198A5C46008E388F /* Other Frameworks */ = {
			isa = PBXGroup;
			children = (
				329B5133198A5C46008E388F /* AppKit.framework */,
				329B5134198A5C46008E388F /* CoreData.framework */,
				329B5135198A5C46008E388F /* Foundation.framework */,
			);
			name = "Other Frameworks";
			sourceTree = "<group>";
		};
		329B5136198A5C46008E388F /* lights-out */ = {
			isa = PBXGroup;
			children = (
				329B513D198A5C46008E388F /* lights_out.h */,
				329B513E198A5C46008E388F /* lights_out.m */,
				329B5140198A5C46008E388F /* lights_out.tiff */,
				329B5142198A5C46008E388F /* lights_out.xib */,
				329B5137198A5C46008E388F /* Supporting Files */,
			);
			path = "lights-out";
			sourceTree = "<group>";
		};
		329B5137198A5C46008E388F /* Supporting Files */ = {
			isa = PBXGroup;
			children = (
				329B5138198A5C46008E388F /* lights-out-Info.plist */,
				329B5139198A5C46008E388F /* InfoPlist.strings */,
				329B513C198A5C46008E388F /* lights-out-Prefix.pch */,
			);
			name = "Supporting Files";
			sourceTree = "<group>";
		};
/* End PBXGroup section */

/* Begin PBXHeadersBuildPhase section */
		329B5127198A5C46008E388F /* Headers */ = {
			isa = PBXHeadersBuildPhase;
			buildActionMask = 2147483647;
			files = (
			);
			runOnlyForDeploymentPostprocessing = 0;
		};
/* End PBXHeadersBuildPhase section */

/* Begin PBXNativeTarget section */
		329B512A198A5C46008E388F /* lights-out */ = {
			isa = PBXNativeTarget;
			buildConfigurationList = 329B5147198A5C46008E388F /* Build configuration list for PBXNativeTarget "lights-out" */;
			buildPhases = (
				329B5125198A5C46008E388F /* Sources */,
				329B5126198A5C46008E388F /* Frameworks */,
				329B5127198A5C46008E388F /* Headers */,
				329B5128198A5C46008E388F /* Resources */,
				329B5129198A5C46008E388F /* Rez */,
			);
			buildRules = (
			);
			dependencies = (
			);
			name = "lights-out";
			productName = "lights-out";
			productReference = 329B512B198A5C46008E388F /* lights-out.prefPane */;
			productType = "com.apple.product-type.bundle";
		};
/* End PBXNativeTarget section */

/* Begin PBXProject section */
		329B5121198A5C46008E388F /* Project object */ = {
			isa = PBXProject;
			attributes = {
				LastUpgradeCheck = 0510;
				ORGANIZATIONNAME = "Samuel Turner";
			};
			buildConfigurationList = 329B5124198A5C46008E388F /* Build configuration list for PBXProject "lights-out" */;
			compatibilityVersion = "Xcode 3.2";
			developmentRegion = English;
			hasScannedForEncodings = 0;
			knownRegions = (
				en,
				Base,
			);
			mainGroup = 329B5120198A5C46008E388F;
			productRefGroup = 329B512C198A5C46008E388F /* Products */;
			projectDirPath = "";
			projectRoot = "";
			targets = (
				329B512A198A5C46008E388F /* lights-out */,
			);
		};
/* End PBXProject section */

/* Begin PBXResourcesBuildPhase section */
		329B5128198A5C46008E388F /* Resources */ = {
			isa = PBXResourcesBuildPhase;
			buildActionMask = 2147483647;
			files = (
				329B5141198A5C46008E388F /* lights_out.tiff in Resources */,
				329B5144198A5C46008E388F /* lights_out.xib in Resources */,
				329B513B198A5C46008E388F /* InfoPlist.strings in Resources */,
			);
			runOnlyForDeploymentPostprocessing = 0;
		};
/* End PBXResourcesBuildPhase section */

/* Begin PBXRezBuildPhase section */
		329B5129198A5C46008E388F /* Rez */ = {
			isa = PBXRezBuildPhase;
			buildActionMask = 2147483647;
			files = (
			);
			runOnlyForDeploymentPostprocessing = 0;
		};
/* End PBXRezBuildPhase section */

/* Begin PBXSourcesBuildPhase section */
		329B5125198A5C46008E388F /* Sources */ = {
			isa = PBXSourcesBuildPhase;
			buildActionMask = 2147483647;
			files = (
				329B513F198A5C46008E388F /* lights_out.m in Sources */,
			);
			runOnlyForDeploymentPostprocessing = 0;
		};
/* End PBXSourcesBuildPhase section */

/* Begin PBXVariantGroup section */
		329B5139198A5C46008E388F /* InfoPlist.strings */ = {
			isa = PBXVariantGroup;
			children = (
				329B513A198A5C46008E388F /* en */,
			);
			name = InfoPlist.strings;
			sourceTree = "<group>";
		};
		329B5142198A5C46008E388F /* lights_out.xib */ = {
			isa = PBXVariantGroup;
			children = (
				329B5143198A5C46008E388F /* Base */,
			);
			name = lights_out.xib;
			sourceTree = "<group>";
		};
/* End PBXVariantGroup section */

/* Begin XCBuildConfiguration section */
		329B5145198A5C46008E388F /* Debug */ = {
			isa = XCBuildConfiguration;
			buildSettings = {
				ALWAYS_SEARCH_USER_PATHS = NO;
				CLANG_CXX_LANGUAGE_STANDARD = "gnu++0x";
				CLANG_CXX_LIBRARY = "libc++";
				CLANG_ENABLE_MODULES = YES;
				CLANG_ENABLE_OBJC_ARC = YES;
				CLANG_WARN_BOOL_CONVERSION = YES;
				CLANG_WARN_CONSTANT_CONVERSION = YES;
				CLANG_WARN_DIRECT_OBJC_ISA_USAGE = YES_ERROR;
				CLANG_WARN_EMPTY_BODY = YES;
				CLANG_WARN_ENUM_CONVERSION = YES;
				CLANG_WARN_INT_CONVERSION = YES;
				CLANG_WARN_OBJC_ROOT_CLASS = YES_ERROR;
				CLANG_WARN__DUPLICATE_METHOD_MATCH = YES;
				COPY_PHASE_STRIP = NO;
				GCC_C_LANGUAGE_STANDARD = gnu99;
				GCC_DYNAMIC_NO_PIC = NO;
				GCC_ENABLE_OBJC_EXCEPTIONS = YES;
				GCC_OPTIMIZATION_LEVEL = 0;
				GCC_PREPROCESSOR_DEFINITIONS = (
					"DEBUG=1",
					"$(inherited)",
				);
				GCC_SYMBOLS_PRIVATE_EXTERN = NO;
				GCC_WARN_64_TO_32_BIT_CONVERSION = YES;
				GCC_WARN_ABOUT_RETURN_TYPE = YES_ERROR;
				GCC_WARN_UNDECLARED_SELECTOR = YES;
				GCC_WARN_UNINITIALIZED_AUTOS = YES_AGGRESSIVE;
				GCC_WARN_UNUSED_FUNCTION = YES;
				GCC_WARN_UNUSED_VARIABLE = YES;
				MACOSX_DEPLOYMENT_TARGET = 10.10;
				ONLY_ACTIVE_ARCH = YES;
				SDKROOT = macosx;
			};
			name = Debug;
		};
		329B5146198A5C46008E388F /* Release */ = {
			isa = XCBuildConfiguration;
			buildSettings = {
				ALWAYS_SEARCH_USER_PATHS = NO;
				CLANG_CXX_LANGUAGE_STANDARD = "gnu++0x";
				CLANG_CXX_LIBRARY = "libc++";
				CLANG_ENABLE_MODULES = YES;
				CLANG_ENABLE_OBJC_ARC = YES;
				CLANG_WARN_BOOL_CONVERSION = YES;
				CLANG_WARN_CONSTANT_CONVERSION = YES;
				CLANG_WARN_DIRECT_OBJC_ISA_USAGE = YES_ERROR;
				CLANG_WARN_EMPTY_BODY = YES;
				CLANG_WARN_ENUM_CONVERSION = YES;
				CLANG_WARN_INT_CONVERSION = YES;
				CLANG_WARN_OBJC_ROOT_CLASS = YES_ERROR;
				CLANG_WARN__DUPLICATE_METHOD_MATCH = YES;
				COPY_PHASE_STRIP = YES;
				DEBUG_INFORMATION_FORMAT = "dwarf-with-dsym";
				ENABLE_NS_ASSERTIONS = NO;
				GCC_C_LANGUAGE_STANDARD = gnu99;
				GCC_ENABLE_OBJC_EXCEPTIONS = YES;
				GCC_WARN_64_TO_32_BIT_CONVERSION = YES;
				GCC_WARN_ABOUT_RETURN_TYPE = YES_ERROR;
				GCC_WARN_UNDECLARED_SELECTOR = YES;
				GCC_WARN_UNINITIALIZED_AUTOS = YES_AGGRESSIVE;
				GCC_WARN_UNUSED_FUNCTION = YES;
				GCC_WARN_UNUSED_VARIABLE = YES;
				MACOSX_DEPLOYMENT_TARGET = 10.10;
				SDKROOT = macosx;
			};
			name = Release;
		};
		329B5148198A5C46008E388F /* Debug */ = {
			isa = XCBuildConfiguration;
			buildSettings = {
				COMBINE_HIDPI_IMAGES = YES;
				GCC_PRECOMPILE_PREFIX_HEADER = YES;
				GCC_PREFIX_HEADER = "lights-out/lights-out-Prefix.pch";
				INFOPLIST_FILE = "lights-out/lights-out-Info.plist";
				INSTALL_PATH = "$(HOME)/Library/PreferencePanes";
				PRODUCT_NAME = "$(TARGET_NAME)";
				WRAPPER_EXTENSION = prefPane;
			};
			name = Debug;
		};
		329B5149198A5C46008E388F /* Release */ = {
			isa = XCBuildConfiguration;
			buildSettings = {
				COMBINE_HIDPI_IMAGES = YES;
				GCC_PRECOMPILE_PREFIX_HEADER = YES;
				GCC_PREFIX_HEADER = "lights-out/lights-out-Prefix.pch";
				INFOPLIST_FILE = "lights-out/lights-out-Info.plist";
				INSTALL_PATH = "$(HOME)/Library/PreferencePanes";
				PRODUCT_NAME = "$(TARGET_NAME)";
				WRAPPER_EXTENSION = prefPane;
			};
			name = Release;
		};
/* End XCBuildConfiguration section */

/* Begin XCConfigurationList section */
		329B5124198A5C46008E388F /* Build configuration list for PBXProject "lights-out" */ = {
			isa = XCConfigurationList;
			buildConfigurations = (
				329B5145198A5C46008E388F /* Debug */,
				329B5146198A5C46008E388F /* Release */,
			);
			defaultConfigurationIsVisible = 0;
			defaultConfigurationName = Release;
		};
		329B5147198A5C46008E388F /* Build configuration list for PBXNativeTarget "lights-out" */ = {
			isa = XCConfigurationList;
			buildConfigurations = (
				329B5148198A5C46008E388F /* Debug */,
				329B5149198A5C46008E388F /* Release */,
			);
			defaultConfigurationIsVisible = 0;
		};
/* End XCConfigurationList section */
	};
	rootObject = 329B5121198A5C46008E388F /* Project object */;
}
